
Microsoft Visual Studio Solution File, Format Version 12.00
# Visual Studio Version 17
VisualStudioVersion = 17.0.31903.59
MinimumVisualStudioVersion = 10.0.40219.1
Project("{FAE04EC0-301F-11D3-BF4B-00C04F79EFBC}") = "GreenLens.Api", "GreenLens.Api\GreenLens.Api.csproj", "{B676A465-CBC3-4F62-9CBA-D26303A143C3}"
EndProject
Project("{FAE04EC0-301F-11D3-BF4B-00C04F79EFBC}") = "GreenLens.Application", "GreenLens.Application\GreenLens.Application.csproj", "{E4E93B38-63E3-4681-97D1-9F9664EAAACC}"
EndProject
Project("{FAE04EC0-301F-11D3-BF4B-00C04F79EFBC}") = "GreenLens.Infrastructure", "GreenLens.Infrastructure\GreenLens.Infrastructure.csproj", "{203BCD95-85E1-427F-BD0A-816C74353028}"
EndProject
Global
	GlobalSection(SolutionConfigurationPlatforms) = preSolution
		Debug|Any CPU = Debug|Any CPU
		Release|Any CPU = Release|Any CPU
	EndGlobalSection
	GlobalSection(SolutionProperties) = preSolution
		HideSolutionNode = FALSE
	EndGlobalSection
	GlobalSection(ProjectConfigurationPlatforms) = postSolution
		{B676A465-CBC3-4F62-9CBA-D26303A143C3}.Debug|Any CPU.ActiveCfg = Debug|Any CPU
		{B676A465-CBC3-4F62-9CBA-D26303A143C3}.Debug|Any CPU.Build.0 = Debug|Any CPU
		{B676A465-CBC3-4F62-9CBA-D26303A143C3}.Release|Any CPU.ActiveCfg = Release|Any CPU
		{B676A465-CBC3-4F62-9CBA-D26303A143C3}.Release|Any CPU.Build.0 = Release|Any CPU
		{E4E93B38-63E3-4681-97D1-9F9664EAAACC}.Debug|Any CPU.ActiveCfg = Debug|Any CPU
		{E4E93B38-63E3-4681-97D1-9F9664EAAACC}.Debug|Any CPU.Build.0 = Debug|Any CPU
		{E4E93B38-63E3-4681-97D1-9F9664EAAACC}.Release|Any CPU.ActiveCfg = Release|Any CPU
		{E4E93B38-63E3-4681-97D1-9F9664EAAACC}.Release|Any CPU.Build.0 = Release|Any CPU
		{203BCD95-85E1-427F-BD0A-816C74353028}.Debug|Any CPU.ActiveCfg = Debug|Any CPU
		{203BCD95-85E1-427F-BD0A-816C74353028}.Debug|Any CPU.Build.0 = Debug|Any CPU
		{203BCD95-85E1-427F-BD0A-816C74353028}.Release|Any CPU.ActiveCfg = Release|Any CPU
		{203BCD95-85E1-427F-BD0A-816C74353028}.Release|Any CPU.Build.0 = Release|Any CPU
	EndGlobalSection
EndGlobal
